
Microsoft Visual Studio Solution File, Format Version 12.00
# Visual Studio 2012
Project("{FAE04EC0-301F-11D3-BF4B-00C04F79EFBC}") = "ParkingDemo", "ParkingDemo.csproj", "{8BB8985B-6452-4F6F-A30D-83B4DF74D87D}"
EndProject
Global
	GlobalSection(SolutionConfigurationPlatforms) = preSolution
		Debug|Any CPU = Debug|Any CPU
		Release|Any CPU = Release|Any CPU
	EndGlobalSection
	GlobalSection(ProjectConfigurationPlatforms) = postSolution
		{8BB8985B-6452-4F6F-A30D-83B4DF74D87D}.Debug|Any CPU.ActiveCfg = Debug|Any CPU
		{8BB8985B-6452-4F6F-A30D-83B4DF74D87D}.Debug|Any CPU.Build.0 = Debug|Any CPU
		{8BB8985B-6452-4F6F-A30D-83B4DF74D87D}.Release|Any CPU.ActiveCfg = Release|Any CPU
		{8BB8985B-6452-4F6F-A30D-83B4DF74D87D}.Release|Any CPU.Build.0 = Release|Any CPU
	EndGlobalSection
	GlobalSection(SolutionProperties) = preSolution
		HideSolutionNode = FALSE
	EndGlobalSection
EndGlobal
